// !$*UTF8*$!
{
	archiveVersion = 1;
	classes = {
	};
	objectVersion = 56;
	objects = {

/* Begin PBXBuildFile section */
		63579FD92AA53C3400A27E9E /* CaloteXApp.swift in Sources */ = {isa = PBXBuildFile; fileRef = 63579FD82AA53C3400A27E9E /* CaloteXApp.swift */; };
		63579FDB2AA53C3400A27E9E /* Persistence.swift in Sources */ = {isa = PBXBuildFile; fileRef = 63579FDA2AA53C3400A27E9E /* Persistence.swift */; };
		63579FDE2AA53C3400A27E9E /* CaloteX.xcdatamodeld in Sources */ = {isa = PBXBuildFile; fileRef = 63579FDC2AA53C3400A27E9E /* CaloteX.xcdatamodeld */; };
		63579FE02AA53C3400A27E9E /* ContentView.swift in Sources */ = {isa = PBXBuildFile; fileRef = 63579FDF2AA53C3400A27E9E /* ContentView.swift */; };
		63579FE22AA53C3500A27E9E /* Assets.xcassets in Resources */ = {isa = PBXBuildFile; fileRef = 63579FE12AA53C3500A27E9E /* Assets.xcassets */; };
		63579FE62AA53C3500A27E9E /* Preview Assets.xcassets in Resources */ = {isa = PBXBuildFile; fileRef = 63579FE52AA53C3500A27E9E /* Preview Assets.xcassets */; };
		63579FF62AA5427900A27E9E /* CreateExpense.swift in Sources */ = {isa = PBXBuildFile; fileRef = 63579FF52AA5427900A27E9E /* CreateExpense.swift */; };
		63579FFC2AA551CE00A27E9E /* Expense+CoreDataClass.swift in Sources */ = {isa = PBXBuildFile; fileRef = 63579FF82AA551CE00A27E9E /* Expense+CoreDataClass.swift */; };
		63579FFE2AA551CE00A27E9E /* Debtor+CoreDataClass.swift in Sources */ = {isa = PBXBuildFile; fileRef = 63579FFA2AA551CE00A27E9E /* Debtor+CoreDataClass.swift */; };
		6357A0012AA5599300A27E9E /* CustomTabBar.swift in Sources */ = {isa = PBXBuildFile; fileRef = 6357A0002AA5599300A27E9E /* CustomTabBar.swift */; };
		6357A0032AA5630000A27E9E /* Dashboard.swift in Sources */ = {isa = PBXBuildFile; fileRef = 6357A0022AA5630000A27E9E /* Dashboard.swift */; };
		6357A0052AA563E600A27E9E /* AppStateViewModel.swift in Sources */ = {isa = PBXBuildFile; fileRef = 6357A0042AA563E600A27E9E /* AppStateViewModel.swift */; };
		6357A0082AA564BC00A27E9E /* ViewExtensions.swift in Sources */ = {isa = PBXBuildFile; fileRef = 6357A0072AA564BC00A27E9E /* ViewExtensions.swift */; };
		6357A00B2AA5654900A27E9E /* Formatters.swift in Sources */ = {isa = PBXBuildFile; fileRef = 6357A00A2AA5654900A27E9E /* Formatters.swift */; };
		6357A01D2AA58BBD00A27E9E /* CoreDataViewModel.swift in Sources */ = {isa = PBXBuildFile; fileRef = 6357A01C2AA58BBD00A27E9E /* CoreDataViewModel.swift */; };
/* End PBXBuildFile section */

/* Begin PBXFileReference section */
		63579FD52AA53C3400A27E9E /* CaloteX.app */ = {isa = PBXFileReference; explicitFileType = wrapper.application; includeInIndex = 0; path = CaloteX.app; sourceTree = BUILT_PRODUCTS_DIR; };
		63579FD82AA53C3400A27E9E /* CaloteXApp.swift */ = {isa = PBXFileReference; lastKnownFileType = sourcecode.swift; path = CaloteXApp.swift; sourceTree = "<group>"; };
		63579FDA2AA53C3400A27E9E /* Persistence.swift */ = {isa = PBXFileReference; lastKnownFileType = sourcecode.swift; path = Persistence.swift; sourceTree = "<group>"; };
		63579FDD2AA53C3400A27E9E /* CaloteX.xcdatamodel */ = {isa = PBXFileReference; lastKnownFileType = wrapper.xcdatamodel; path = CaloteX.xcdatamodel; sourceTree = "<group>"; };
		63579FDF2AA53C3400A27E9E /* ContentView.swift */ = {isa = PBXFileReference; lastKnownFileType = sourcecode.swift; path = ContentView.swift; sourceTree = "<group>"; };
		63579FE12AA53C3500A27E9E /* Assets.xcassets */ = {isa = PBXFileReference; lastKnownFileType = folder.assetcatalog; path = Assets.xcassets; sourceTree = "<group>"; };
		63579FE32AA53C3500A27E9E /* CaloteX.entitlements */ = {isa = PBXFileReference; lastKnownFileType = text.plist.entitlements; path = CaloteX.entitlements; sourceTree = "<group>"; };
		63579FE52AA53C3500A27E9E /* Preview Assets.xcassets */ = {isa = PBXFileReference; lastKnownFileType = folder.assetcatalog; path = "Preview Assets.xcassets"; sourceTree = "<group>"; };
		63579FF52AA5427900A27E9E /* CreateExpense.swift */ = {isa = PBXFileReference; lastKnownFileType = sourcecode.swift; path = CreateExpense.swift; sourceTree = "<group>"; };
		63579FF82AA551CE00A27E9E /* Expense+CoreDataClass.swift */ = {isa = PBXFileReference; lastKnownFileType = sourcecode.swift; path = "Expense+CoreDataClass.swift"; sourceTree = SOURCE_ROOT; };
		63579FFA2AA551CE00A27E9E /* Debtor+CoreDataClass.swift */ = {isa = PBXFileReference; lastKnownFileType = sourcecode.swift; path = "Debtor+CoreDataClass.swift"; sourceTree = SOURCE_ROOT; };
		6357A0002AA5599300A27E9E /* CustomTabBar.swift */ = {isa = PBXFileReference; lastKnownFileType = sourcecode.swift; path = CustomTabBar.swift; sourceTree = "<group>"; };
		6357A0022AA5630000A27E9E /* Dashboard.swift */ = {isa = PBXFileReference; lastKnownFileType = sourcecode.swift; path = Dashboard.swift; sourceTree = "<group>"; };
		6357A0042AA563E600A27E9E /* AppStateViewModel.swift */ = {isa = PBXFileReference; lastKnownFileType = sourcecode.swift; path = AppStateViewModel.swift; sourceTree = "<group>"; };
		6357A0072AA564BC00A27E9E /* ViewExtensions.swift */ = {isa = PBXFileReference; lastKnownFileType = sourcecode.swift; path = ViewExtensions.swift; sourceTree = "<group>"; };
		6357A00A2AA5654900A27E9E /* Formatters.swift */ = {isa = PBXFileReference; lastKnownFileType = sourcecode.swift; path = Formatters.swift; sourceTree = "<group>"; };
		6357A01C2AA58BBD00A27E9E /* CoreDataViewModel.swift */ = {isa = PBXFileReference; lastKnownFileType = sourcecode.swift; path = CoreDataViewModel.swift; sourceTree = "<group>"; };
/* End PBXFileReference section */

/* Begin PBXFrameworksBuildPhase section */
		63579FD22AA53C3400A27E9E /* Frameworks */ = {
			isa = PBXFrameworksBuildPhase;
			buildActionMask = 2147483647;
			files = (
			);
			runOnlyForDeploymentPostprocessing = 0;
		};
/* End PBXFrameworksBuildPhase section */

/* Begin PBXGroup section */
		63579FCC2AA53C3400A27E9E = {
			isa = PBXGroup;
			children = (
				63579FD72AA53C3400A27E9E /* CaloteX */,
				63579FD62AA53C3400A27E9E /* Products */,
			);
			sourceTree = "<group>";
		};
		63579FD62AA53C3400A27E9E /* Products */ = {
			isa = PBXGroup;
			children = (
				63579FD52AA53C3400A27E9E /* CaloteX.app */,
			);
			name = Products;
			sourceTree = "<group>";
		};
		63579FD72AA53C3400A27E9E /* CaloteX */ = {
			isa = PBXGroup;
			children = (
				6357A0092AA5654000A27E9E /* Helpers */,
				6357A0062AA5644D00A27E9E /* Extensions */,
				63579FF42AA5426800A27E9E /* View */,
				63579FF72AA5517200A27E9E /* Models */,
				63579FD82AA53C3400A27E9E /* CaloteXApp.swift */,
				63579FDF2AA53C3400A27E9E /* ContentView.swift */,
				63579FE12AA53C3500A27E9E /* Assets.xcassets */,
				63579FE32AA53C3500A27E9E /* CaloteX.entitlements */,
				63579FDC2AA53C3400A27E9E /* CaloteX.xcdatamodeld */,
				6357A01C2AA58BBD00A27E9E /* CoreDataViewModel.swift */,
				63579FDA2AA53C3400A27E9E /* Persistence.swift */,
				63579FE42AA53C3500A27E9E /* Preview Content */,
			);
			path = CaloteX;
			sourceTree = "<group>";
		};
		63579FE42AA53C3500A27E9E /* Preview Content */ = {
			isa = PBXGroup;
			children = (
				63579FE52AA53C3500A27E9E /* Preview Assets.xcassets */,
			);
			path = "Preview Content";
			sourceTree = "<group>";
		};
		63579FF42AA5426800A27E9E /* View */ = {
			isa = PBXGroup;
			children = (
				63579FF52AA5427900A27E9E /* CreateExpense.swift */,
				6357A0022AA5630000A27E9E /* Dashboard.swift */,
				6357A0002AA5599300A27E9E /* CustomTabBar.swift */,
			);
			path = View;
			sourceTree = "<group>";
		};
		63579FF72AA5517200A27E9E /* Models */ = {
			isa = PBXGroup;
			children = (
				63579FF82AA551CE00A27E9E /* Expense+CoreDataClass.swift */,
				63579FFA2AA551CE00A27E9E /* Debtor+CoreDataClass.swift */,
				6357A0042AA563E600A27E9E /* AppStateViewModel.swift */,
			);
			path = Models;
			sourceTree = "<group>";
		};
		6357A0062AA5644D00A27E9E /* Extensions */ = {
			isa = PBXGroup;
			children = (
				6357A0072AA564BC00A27E9E /* ViewExtensions.swift */,
			);
			path = Extensions;
			sourceTree = "<group>";
		};
		6357A0092AA5654000A27E9E /* Helpers */ = {
			isa = PBXGroup;
			children = (
				6357A00A2AA5654900A27E9E /* Formatters.swift */,
			);
			path = Helpers;
			sourceTree = "<group>";
		};
/* End PBXGroup section */

/* Begin PBXNativeTarget section */
		63579FD42AA53C3400A27E9E /* CaloteX */ = {
			isa = PBXNativeTarget;
			buildConfigurationList = 63579FE92AA53C3500A27E9E /* Build configuration list for PBXNativeTarget "CaloteX" */;
			buildPhases = (
				63579FD12AA53C3400A27E9E /* Sources */,
				63579FD22AA53C3400A27E9E /* Frameworks */,
				63579FD32AA53C3400A27E9E /* Resources */,
			);
			buildRules = (
			);
			dependencies = (
			);
			name = CaloteX;
			productName = CaloteX;
			productReference = 63579FD52AA53C3400A27E9E /* CaloteX.app */;
			productType = "com.apple.product-type.application";
		};
/* End PBXNativeTarget section */

/* Begin PBXProject section */
		63579FCD2AA53C3400A27E9E /* Project object */ = {
			isa = PBXProject;
			attributes = {
				BuildIndependentTargetsInParallel = 1;
				LastSwiftUpdateCheck = 1430;
				LastUpgradeCheck = 1430;
				TargetAttributes = {
					63579FD42AA53C3400A27E9E = {
						CreatedOnToolsVersion = 14.3.1;
					};
				};
			};
			buildConfigurationList = 63579FD02AA53C3400A27E9E /* Build configuration list for PBXProject "CaloteX" */;
			compatibilityVersion = "Xcode 14.0";
			developmentRegion = en;
			hasScannedForEncodings = 0;
			knownRegions = (
				en,
				Base,
			);
			mainGroup = 63579FCC2AA53C3400A27E9E;
			productRefGroup = 63579FD62AA53C3400A27E9E /* Products */;
			projectDirPath = "";
			projectRoot = "";
			targets = (
				63579FD42AA53C3400A27E9E /* CaloteX */,
			);
		};
/* End PBXProject section */

/* Begin PBXResourcesBuildPhase section */
		63579FD32AA53C3400A27E9E /* Resources */ = {
			isa = PBXResourcesBuildPhase;
			buildActionMask = 2147483647;
			files = (
				63579FE62AA53C3500A27E9E /* Preview Assets.xcassets in Resources */,
				63579FE22AA53C3500A27E9E /* Assets.xcassets in Resources */,
			);
			runOnlyForDeploymentPostprocessing = 0;
		};
/* End PBXResourcesBuildPhase section */

/* Begin PBXSourcesBuildPhase section */
		63579FD12AA53C3400A27E9E /* Sources */ = {
			isa = PBXSourcesBuildPhase;
			buildActionMask = 2147483647;
			files = (
				6357A0082AA564BC00A27E9E /* ViewExtensions.swift in Sources */,
				63579FD92AA53C3400A27E9E /* CaloteXApp.swift in Sources */,
				6357A0052AA563E600A27E9E /* AppStateViewModel.swift in Sources */,
				63579FFE2AA551CE00A27E9E /* Debtor+CoreDataClass.swift in Sources */,
				63579FDE2AA53C3400A27E9E /* CaloteX.xcdatamodeld in Sources */,
				63579FE02AA53C3400A27E9E /* ContentView.swift in Sources */,
				6357A01D2AA58BBD00A27E9E /* CoreDataViewModel.swift in Sources */,
				6357A00B2AA5654900A27E9E /* Formatters.swift in Sources */,
				6357A0032AA5630000A27E9E /* Dashboard.swift in Sources */,
				6357A0012AA5599300A27E9E /* CustomTabBar.swift in Sources */,
				63579FDB2AA53C3400A27E9E /* Persistence.swift in Sources */,
				63579FFC2AA551CE00A27E9E /* Expense+CoreDataClass.swift in Sources */,
				63579FF62AA5427900A27E9E /* CreateExpense.swift in Sources */,
			);
			runOnlyForDeploymentPostprocessing = 0;
		};
/* End PBXSourcesBuildPhase section */

/* Begin XCBuildConfiguration section */
		63579FE72AA53C3500A27E9E /* Debug */ = {
			isa = XCBuildConfiguration;
			buildSettings = {
				ALWAYS_SEARCH_USER_PATHS = NO;
				CLANG_ANALYZER_NONNULL = YES;
				CLANG_ANALYZER_NUMBER_OBJECT_CONVERSION = YES_AGGRESSIVE;
				CLANG_CXX_LANGUAGE_STANDARD = "gnu++20";
				CLANG_ENABLE_MODULES = YES;
				CLANG_ENABLE_OBJC_ARC = YES;
				CLANG_ENABLE_OBJC_WEAK = YES;
				CLANG_WARN_BLOCK_CAPTURE_AUTORELEASING = YES;
				CLANG_WARN_BOOL_CONVERSION = YES;
				CLANG_WARN_COMMA = YES;
				CLANG_WARN_CONSTANT_CONVERSION = YES;
				CLANG_WARN_DEPRECATED_OBJC_IMPLEMENTATIONS = YES;
				CLANG_WARN_DIRECT_OBJC_ISA_USAGE = YES_ERROR;
				CLANG_WARN_DOCUMENTATION_COMMENTS = YES;
				CLANG_WARN_EMPTY_BODY = YES;
				CLANG_WARN_ENUM_CONVERSION = YES;
				CLANG_WARN_INFINITE_RECURSION = YES;
				CLANG_WARN_INT_CONVERSION = YES;
				CLANG_WARN_NON_LITERAL_NULL_CONVERSION = YES;
				CLANG_WARN_OBJC_IMPLICIT_RETAIN_SELF = YES;
				CLANG_WARN_OBJC_LITERAL_CONVERSION = YES;
				CLANG_WARN_OBJC_ROOT_CLASS = YES_ERROR;
				CLANG_WARN_QUOTED_INCLUDE_IN_FRAMEWORK_HEADER = YES;
				CLANG_WARN_RANGE_LOOP_ANALYSIS = YES;
				CLANG_WARN_STRICT_PROTOTYPES = YES;
				CLANG_WARN_SUSPICIOUS_MOVE = YES;
				CLANG_WARN_UNGUARDED_AVAILABILITY = YES_AGGRESSIVE;
				CLANG_WARN_UNREACHABLE_CODE = YES;
				CLANG_WARN__DUPLICATE_METHOD_MATCH = YES;
				COPY_PHASE_STRIP = NO;
				DEBUG_INFORMATION_FORMAT = dwarf;
				ENABLE_STRICT_OBJC_MSGSEND = YES;
				ENABLE_TESTABILITY = YES;
				GCC_C_LANGUAGE_STANDARD = gnu11;
				GCC_DYNAMIC_NO_PIC = NO;
				GCC_NO_COMMON_BLOCKS = YES;
				GCC_OPTIMIZATION_LEVEL = 0;
				GCC_PREPROCESSOR_DEFINITIONS = (
					"DEBUG=1",
					"$(inherited)",
				);
				GCC_WARN_64_TO_32_BIT_CONVERSION = YES;
				GCC_WARN_ABOUT_RETURN_TYPE = YES_ERROR;
				GCC_WARN_UNDECLARED_SELECTOR = YES;
				GCC_WARN_UNINITIALIZED_AUTOS = YES_AGGRESSIVE;
				GCC_WARN_UNUSED_FUNCTION = YES;
				GCC_WARN_UNUSED_VARIABLE = YES;
				MTL_ENABLE_DEBUG_INFO = INCLUDE_SOURCE;
				MTL_FAST_MATH = YES;
				ONLY_ACTIVE_ARCH = YES;
				SWIFT_ACTIVE_COMPILATION_CONDITIONS = DEBUG;
				SWIFT_OPTIMIZATION_LEVEL = "-Onone";
			};
			name = Debug;
		};
		63579FE82AA53C3500A27E9E /* Release */ = {
			isa = XCBuildConfiguration;
			buildSettings = {
				ALWAYS_SEARCH_USER_PATHS = NO;
				CLANG_ANALYZER_NONNULL = YES;
				CLANG_ANALYZER_NUMBER_OBJECT_CONVERSION = YES_AGGRESSIVE;
				CLANG_CXX_LANGUAGE_STANDARD = "gnu++20";
				CLANG_ENABLE_MODULES = YES;
				CLANG_ENABLE_OBJC_ARC = YES;
				CLANG_ENABLE_OBJC_WEAK = YES;
				CLANG_WARN_BLOCK_CAPTURE_AUTORELEASING = YES;
				CLANG_WARN_BOOL_CONVERSION = YES;
				CLANG_WARN_COMMA = YES;
				CLANG_WARN_CONSTANT_CONVERSION = YES;
				CLANG_WARN_DEPRECATED_OBJC_IMPLEMENTATIONS = YES;
				CLANG_WARN_DIRECT_OBJC_ISA_USAGE = YES_ERROR;
				CLANG_WARN_DOCUMENTATION_COMMENTS = YES;
				CLANG_WARN_EMPTY_BODY = YES;
				CLANG_WARN_ENUM_CONVERSION = YES;
				CLANG_WARN_INFINITE_RECURSION = YES;
				CLANG_WARN_INT_CONVERSION = YES;
				CLANG_WARN_NON_LITERAL_NULL_CONVERSION = YES;
				CLANG_WARN_OBJC_IMPLICIT_RETAIN_SELF = YES;
				CLANG_WARN_OBJC_LITERAL_CONVERSION = YES;
				CLANG_WARN_OBJC_ROOT_CLASS = YES_ERROR;
				CLANG_WARN_QUOTED_INCLUDE_IN_FRAMEWORK_HEADER = YES;
				CLANG_WARN_RANGE_LOOP_ANALYSIS = YES;
				CLANG_WARN_STRICT_PROTOTYPES = YES;
				CLANG_WARN_SUSPICIOUS_MOVE = YES;
				CLANG_WARN_UNGUARDED_AVAILABILITY = YES_AGGRESSIVE;
				CLANG_WARN_UNREACHABLE_CODE = YES;
				CLANG_WARN__DUPLICATE_METHOD_MATCH = YES;
				COPY_PHASE_STRIP = NO;
				DEBUG_INFORMATION_FORMAT = "dwarf-with-dsym";
				ENABLE_NS_ASSERTIONS = NO;
				ENABLE_STRICT_OBJC_MSGSEND = YES;
				GCC_C_LANGUAGE_STANDARD = gnu11;
				GCC_NO_COMMON_BLOCKS = YES;
				GCC_WARN_64_TO_32_BIT_CONVERSION = YES;
				GCC_WARN_ABOUT_RETURN_TYPE = YES_ERROR;
				GCC_WARN_UNDECLARED_SELECTOR = YES;
				GCC_WARN_UNINITIALIZED_AUTOS = YES_AGGRESSIVE;
				GCC_WARN_UNUSED_FUNCTION = YES;
				GCC_WARN_UNUSED_VARIABLE = YES;
				MTL_ENABLE_DEBUG_INFO = NO;
				MTL_FAST_MATH = YES;
				SWIFT_COMPILATION_MODE = wholemodule;
				SWIFT_OPTIMIZATION_LEVEL = "-O";
			};
			name = Release;
		};
		63579FEA2AA53C3500A27E9E /* Debug */ = {
			isa = XCBuildConfiguration;
			buildSettings = {
				ASSETCATALOG_COMPILER_APPICON_NAME = AppIcon;
				ASSETCATALOG_COMPILER_GLOBAL_ACCENT_COLOR_NAME = AccentColor;
				CODE_SIGN_ENTITLEMENTS = CaloteX/CaloteX.entitlements;
				CODE_SIGN_STYLE = Automatic;
				CURRENT_PROJECT_VERSION = 1;
				DEVELOPMENT_ASSET_PATHS = "\"CaloteX/Preview Content\"";
				DEVELOPMENT_TEAM = GTXY95W4RW;
				ENABLE_HARDENED_RUNTIME = YES;
				ENABLE_PREVIEWS = YES;
				GENERATE_INFOPLIST_FILE = YES;
				"INFOPLIST_KEY_UIApplicationSceneManifest_Generation[sdk=iphoneos*]" = YES;
				"INFOPLIST_KEY_UIApplicationSceneManifest_Generation[sdk=iphonesimulator*]" = YES;
				"INFOPLIST_KEY_UIApplicationSupportsIndirectInputEvents[sdk=iphoneos*]" = YES;
				"INFOPLIST_KEY_UIApplicationSupportsIndirectInputEvents[sdk=iphonesimulator*]" = YES;
				"INFOPLIST_KEY_UILaunchScreen_Generation[sdk=iphoneos*]" = YES;
				"INFOPLIST_KEY_UILaunchScreen_Generation[sdk=iphonesimulator*]" = YES;
				"INFOPLIST_KEY_UIStatusBarStyle[sdk=iphoneos*]" = UIStatusBarStyleDefault;
				"INFOPLIST_KEY_UIStatusBarStyle[sdk=iphonesimulator*]" = UIStatusBarStyleDefault;
				INFOPLIST_KEY_UISupportedInterfaceOrientations_iPad = "UIInterfaceOrientationPortrait UIInterfaceOrientationPortraitUpsideDown UIInterfaceOrientationLandscapeLeft UIInterfaceOrientationLandscapeRight";
				INFOPLIST_KEY_UISupportedInterfaceOrientations_iPhone = "UIInterfaceOrientationPortrait UIInterfaceOrientationLandscapeLeft UIInterfaceOrientationLandscapeRight";
				IPHONEOS_DEPLOYMENT_TARGET = 16.4;
				LD_RUNPATH_SEARCH_PATHS = "@executable_path/Frameworks";
				"LD_RUNPATH_SEARCH_PATHS[sdk=macosx*]" = "@executable_path/../Frameworks";
				MACOSX_DEPLOYMENT_TARGET = 13.3;
				MARKETING_VERSION = 1.0;
				PRODUCT_BUNDLE_IDENTIFIER = br.com.CaloteX;
				PRODUCT_NAME = "$(TARGET_NAME)";
				SDKROOT = auto;
				SUPPORTED_PLATFORMS = "iphoneos iphonesimulator macosx";
				SWIFT_EMIT_LOC_STRINGS = YES;
				SWIFT_VERSION = 5.0;
				TARGETED_DEVICE_FAMILY = "1,2";
			};
			name = Debug;
		};
		63579FEB2AA53C3500A27E9E /* Release */ = {
			isa = XCBuildConfiguration;
			buildSettings = {
				ASSETCATALOG_COMPILER_APPICON_NAME = AppIcon;
				ASSETCATALOG_COMPILER_GLOBAL_ACCENT_COLOR_NAME = AccentColor;
				CODE_SIGN_ENTITLEMENTS = CaloteX/CaloteX.entitlements;
				CODE_SIGN_STYLE = Automatic;
				CURRENT_PROJECT_VERSION = 1;
				DEVELOPMENT_ASSET_PATHS = "\"CaloteX/Preview Content\"";
				DEVELOPMENT_TEAM = GTXY95W4RW;
				ENABLE_HARDENED_RUNTIME = YES;
				ENABLE_PREVIEWS = YES;
				GENERATE_INFOPLIST_FILE = YES;
				"INFOPLIST_KEY_UIApplicationSceneManifest_Generation[sdk=iphoneos*]" = YES;
				"INFOPLIST_KEY_UIApplicationSceneManifest_Generation[sdk=iphonesimulator*]" = YES;
				"INFOPLIST_KEY_UIApplicationSupportsIndirectInputEvents[sdk=iphoneos*]" = YES;
				"INFOPLIST_KEY_UIApplicationSupportsIndirectInputEvents[sdk=iphonesimulator*]" = YES;
				"INFOPLIST_KEY_UILaunchScreen_Generation[sdk=iphoneos*]" = YES;
				"INFOPLIST_KEY_UILaunchScreen_Generation[sdk=iphonesimulator*]" = YES;
				"INFOPLIST_KEY_UIStatusBarStyle[sdk=iphoneos*]" = UIStatusBarStyleDefault;
				"INFOPLIST_KEY_UIStatusBarStyle[sdk=iphonesimulator*]" = UIStatusBarStyleDefault;
				INFOPLIST_KEY_UISupportedInterfaceOrientations_iPad = "UIInterfaceOrientationPortrait UIInterfaceOrientationPortraitUpsideDown UIInterfaceOrientationLandscapeLeft UIInterfaceOrientationLandscapeRight";
				INFOPLIST_KEY_UISupportedInterfaceOrientations_iPhone = "UIInterfaceOrientationPortrait UIInterfaceOrientationLandscapeLeft UIInterfaceOrientationLandscapeRight";
				IPHONEOS_DEPLOYMENT_TARGET = 16.4;
				LD_RUNPATH_SEARCH_PATHS = "@executable_path/Frameworks";
				"LD_RUNPATH_SEARCH_PATHS[sdk=macosx*]" = "@executable_path/../Frameworks";
				MACOSX_DEPLOYMENT_TARGET = 13.3;
				MARKETING_VERSION = 1.0;
				PRODUCT_BUNDLE_IDENTIFIER = br.com.CaloteX;
				PRODUCT_NAME = "$(TARGET_NAME)";
				SDKROOT = auto;
				SUPPORTED_PLATFORMS = "iphoneos iphonesimulator macosx";
				SWIFT_EMIT_LOC_STRINGS = YES;
				SWIFT_VERSION = 5.0;
				TARGETED_DEVICE_FAMILY = "1,2";
			};
			name = Release;
		};
/* End XCBuildConfiguration section */

/* Begin XCConfigurationList section */
		63579FD02AA53C3400A27E9E /* Build configuration list for PBXProject "CaloteX" */ = {
			isa = XCConfigurationList;
			buildConfigurations = (
				63579FE72AA53C3500A27E9E /* Debug */,
				63579FE82AA53C3500A27E9E /* Release */,
			);
			defaultConfigurationIsVisible = 0;
			defaultConfigurationName = Release;
		};
		63579FE92AA53C3500A27E9E /* Build configuration list for PBXNativeTarget "CaloteX" */ = {
			isa = XCConfigurationList;
			buildConfigurations = (
				63579FEA2AA53C3500A27E9E /* Debug */,
				63579FEB2AA53C3500A27E9E /* Release */,
			);
			defaultConfigurationIsVisible = 0;
			defaultConfigurationName = Release;
		};
/* End XCConfigurationList section */

/* Begin XCVersionGroup section */
		63579FDC2AA53C3400A27E9E /* CaloteX.xcdatamodeld */ = {
			isa = XCVersionGroup;
			children = (
				63579FDD2AA53C3400A27E9E /* CaloteX.xcdatamodel */,
			);
			currentVersion = 63579FDD2AA53C3400A27E9E /* CaloteX.xcdatamodel */;
			path = CaloteX.xcdatamodeld;
			sourceTree = "<group>";
			versionGroupType = wrapper.xcdatamodel;
		};
/* End XCVersionGroup section */
	};
	rootObject = 63579FCD2AA53C3400A27E9E /* Project object */;
}
